
Microsoft Visual Studio Solution File, Format Version 12.00
# Visual Studio Version 17
VisualStudioVersion = 17.14.36121.58
MinimumVisualStudioVersion = 10.0.40219.1
Project("{2150E333-8FDC-42A3-9474-1A3956D46DE8}") = "src", "src", "{02EA681E-C7D8-13C7-8484-4AC65E1B71E8}"
EndProject
Project("{2150E333-8FDC-42A3-9474-1A3956D46DE8}") = "tests", "tests", "{98823A16-07C3-4045-B74E-4F1DBF6BDD80}"
EndProject
Project("{2150E333-8FDC-42A3-9474-1A3956D46DE8}") = "docker", "docker", "{37029C65-2BF2-468A-9DAF-FA8E287DD342}"
	ProjectSection(SolutionItems) = preProject
		docker\.env = docker\.env
		.env.dev = .env.dev
		docker\Baim.Docker.dcproj = docker\Baim.Docker.dcproj
		docker\docker-compose.yml = docker\docker-compose.yml
		docker\nginx.conf = docker\nginx.conf
	EndProjectSection
EndProject
Project("{2150E333-8FDC-42A3-9474-1A3956D46DE8}") = "Baim.Gateway", "Baim.Gateway", "{3FB8E9D7-739E-4495-907F-931E4935E1CA}"
EndProject
Project("{2150E333-8FDC-42A3-9474-1A3956D46DE8}") = "Baim.Identity", "Baim.Identity", "{9254D222-4136-43CA-8111-1C169908A789}"
EndProject
Project("{2150E333-8FDC-42A3-9474-1A3956D46DE8}") = "Shared", "Shared", "{8F566971-2433-40CE-BA8F-72C9DA25CF61}"
EndProject
Project("{2150E333-8FDC-42A3-9474-1A3956D46DE8}") = "Baim.Identity", "Baim.Identity", "{92DCB018-F75F-42EF-BD0C-8F91649D3A6D}"
EndProject
Project("{2150E333-8FDC-42A3-9474-1A3956D46DE8}") = "Baim.Identity.Services.Tests", "Baim.Identity.Services.Tests", "{1F74EB18-D1AD-4A22-82EE-BCFD8F3488BD}"
EndProject
Project("{2150E333-8FDC-42A3-9474-1A3956D46DE8}") = "Baim.Identity.API.Tests", "Baim.Identity.API.Tests", "{CC87E343-495C-4603-99EF-038EDAB23C2E}"
EndProject
Project("{FAE04EC0-301F-11D3-BF4B-00C04F79EFBC}") = "Baim.Identity.Services.Tests", "tests\Baim.Identity\Baim.Identity.Services.Tests\Baim.Identity.Services.Tests.csproj", "{4417AF1F-D7FF-6BED-D74D-99271A9793F8}"
EndProject
Project("{FAE04EC0-301F-11D3-BF4B-00C04F79EFBC}") = "Baim.Identity.API.Tests", "tests\Baim.Identity\Baim.Identity.API.Tests\Baim.Identity.API.Tests.csproj", "{F33F22F8-AE9C-84DE-CCCC-092D8734BBED}"
EndProject
Project("{2150E333-8FDC-42A3-9474-1A3956D46DE8}") = "Baim.Identity.API", "Baim.Identity.API", "{7A4408C5-FD51-446D-8492-ED11592E2523}"
EndProject
Project("{2150E333-8FDC-42A3-9474-1A3956D46DE8}") = "Baim.Identity.Contracts", "Baim.Identity.Contracts", "{E66CEDA9-C17F-47D5-88A3-08F6463D5DD7}"
EndProject
Project("{2150E333-8FDC-42A3-9474-1A3956D46DE8}") = "Baim.Identity.Data", "Baim.Identity.Data", "{78992742-17A9-4EC5-918A-BB4B13DF97F7}"
EndProject
Project("{2150E333-8FDC-42A3-9474-1A3956D46DE8}") = "Baim.Identity.Services", "Baim.Identity.Services", "{1666F8FB-1FC3-49CF-8711-A38643B75FEA}"
EndProject
Project("{FAE04EC0-301F-11D3-BF4B-00C04F79EFBC}") = "Baim.Identity.API", "src\Baim.Identity\Baim.Identity.API\Baim.Identity.API.csproj", "{2D85B045-6A17-16F1-DD27-DE7805A8D1C3}"
EndProject
Project("{FAE04EC0-301F-11D3-BF4B-00C04F79EFBC}") = "Baim.Identity.Contracts", "src\Baim.Identity\Baim.Identity.Contracts\Baim.Identity.Contracts.csproj", "{448DD46A-5FC6-955D-7ED7-11678FE4B0CC}"
EndProject
Project("{FAE04EC0-301F-11D3-BF4B-00C04F79EFBC}") = "Baim.Identity.Data", "src\Baim.Identity\Baim.Identity.Data\Baim.Identity.Data.csproj", "{982A5B1F-BC73-D12E-3ED0-890FFC0C75D4}"
EndProject
Project("{FAE04EC0-301F-11D3-BF4B-00C04F79EFBC}") = "Baim.Identity.Services", "src\Baim.Identity\Baim.Identity.Services\Baim.Identity.Services.csproj", "{66046D56-CB31-FD50-4193-D9FF656C6E10}"
EndProject
Project("{FAE04EC0-301F-11D3-BF4B-00C04F79EFBC}") = "Shared.Queues", "src\Shared\Shared.Queues\Shared.Queues.csproj", "{6DEB9636-6CF1-4767-A7F0-4B1B93C5808D}"
EndProject
Project("{FAE04EC0-301F-11D3-BF4B-00C04F79EFBC}") = "Shared.Contracts", "src\Shared\Shared.Contracts\Shared.Contracts.csproj", "{BE7CF104-D733-E3D9-8553-5A6E4883DFC8}"
EndProject
Project("{FAE04EC0-301F-11D3-BF4B-00C04F79EFBC}") = "Shared.Configuration", "src\Shared\Shared.Configuration\Shared.Configuration.csproj", "{BFBF1699-E1FE-F8A7-9DE3-70A59DAC1763}"
EndProject
Project("{FAE04EC0-301F-11D3-BF4B-00C04F79EFBC}") = "Shared.Email", "src\Shared\Shared.Email\Shared.Email.csproj", "{702DE2CE-4E90-4C0F-8508-0A3AF2AEC3A5}"
EndProject
Project("{FAE04EC0-301F-11D3-BF4B-00C04F79EFBC}") = "Baim.Gateway", "src\Baim.Gateway\Baim.Gateway.csproj", "{EC7AA821-22BB-066D-A69D-FBFC0837C0F0}"
EndProject
Project("{FAE04EC0-301F-11D3-BF4B-00C04F79EFBC}") = "Shared.Exceptions", "src\Shared\Shared.Exceptions\Shared.Exceptions.csproj", "{8B209F8D-9118-7F6F-8499-C50A965A90A0}"
EndProject
Global
	GlobalSection(SolutionConfigurationPlatforms) = preSolution
		Debug|Any CPU = Debug|Any CPU
		Release|Any CPU = Release|Any CPU
	EndGlobalSection
	GlobalSection(ProjectConfigurationPlatforms) = postSolution
		{4417AF1F-D7FF-6BED-D74D-99271A9793F8}.Debug|Any CPU.ActiveCfg = Debug|Any CPU
		{4417AF1F-D7FF-6BED-D74D-99271A9793F8}.Debug|Any CPU.Build.0 = Debug|Any CPU
		{4417AF1F-D7FF-6BED-D74D-99271A9793F8}.Release|Any CPU.ActiveCfg = Release|Any CPU
		{4417AF1F-D7FF-6BED-D74D-99271A9793F8}.Release|Any CPU.Build.0 = Release|Any CPU
		{F33F22F8-AE9C-84DE-CCCC-092D8734BBED}.Debug|Any CPU.ActiveCfg = Debug|Any CPU
		{F33F22F8-AE9C-84DE-CCCC-092D8734BBED}.Debug|Any CPU.Build.0 = Debug|Any CPU
		{F33F22F8-AE9C-84DE-CCCC-092D8734BBED}.Release|Any CPU.ActiveCfg = Release|Any CPU
		{F33F22F8-AE9C-84DE-CCCC-092D8734BBED}.Release|Any CPU.Build.0 = Release|Any CPU
		{2D85B045-6A17-16F1-DD27-DE7805A8D1C3}.Debug|Any CPU.ActiveCfg = Debug|Any CPU
		{2D85B045-6A17-16F1-DD27-DE7805A8D1C3}.Debug|Any CPU.Build.0 = Debug|Any CPU
		{2D85B045-6A17-16F1-DD27-DE7805A8D1C3}.Release|Any CPU.ActiveCfg = Release|Any CPU
		{2D85B045-6A17-16F1-DD27-DE7805A8D1C3}.Release|Any CPU.Build.0 = Release|Any CPU
		{448DD46A-5FC6-955D-7ED7-11678FE4B0CC}.Debug|Any CPU.ActiveCfg = Debug|Any CPU
		{448DD46A-5FC6-955D-7ED7-11678FE4B0CC}.Debug|Any CPU.Build.0 = Debug|Any CPU
		{448DD46A-5FC6-955D-7ED7-11678FE4B0CC}.Release|Any CPU.ActiveCfg = Release|Any CPU
		{448DD46A-5FC6-955D-7ED7-11678FE4B0CC}.Release|Any CPU.Build.0 = Release|Any CPU
		{982A5B1F-BC73-D12E-3ED0-890FFC0C75D4}.Debug|Any CPU.ActiveCfg = Debug|Any CPU
		{982A5B1F-BC73-D12E-3ED0-890FFC0C75D4}.Debug|Any CPU.Build.0 = Debug|Any CPU
		{982A5B1F-BC73-D12E-3ED0-890FFC0C75D4}.Release|Any CPU.ActiveCfg = Release|Any CPU
		{982A5B1F-BC73-D12E-3ED0-890FFC0C75D4}.Release|Any CPU.Build.0 = Release|Any CPU
		{66046D56-CB31-FD50-4193-D9FF656C6E10}.Debug|Any CPU.ActiveCfg = Debug|Any CPU
		{66046D56-CB31-FD50-4193-D9FF656C6E10}.Debug|Any CPU.Build.0 = Debug|Any CPU
		{66046D56-CB31-FD50-4193-D9FF656C6E10}.Release|Any CPU.ActiveCfg = Release|Any CPU
		{66046D56-CB31-FD50-4193-D9FF656C6E10}.Release|Any CPU.Build.0 = Release|Any CPU
		{6DEB9636-6CF1-4767-A7F0-4B1B93C5808D}.Debug|Any CPU.ActiveCfg = Debug|Any CPU
		{6DEB9636-6CF1-4767-A7F0-4B1B93C5808D}.Debug|Any CPU.Build.0 = Debug|Any CPU
		{6DEB9636-6CF1-4767-A7F0-4B1B93C5808D}.Release|Any CPU.ActiveCfg = Release|Any CPU
		{6DEB9636-6CF1-4767-A7F0-4B1B93C5808D}.Release|Any CPU.Build.0 = Release|Any CPU
		{BE7CF104-D733-E3D9-8553-5A6E4883DFC8}.Debug|Any CPU.ActiveCfg = Debug|Any CPU
		{BE7CF104-D733-E3D9-8553-5A6E4883DFC8}.Debug|Any CPU.Build.0 = Debug|Any CPU
		{BE7CF104-D733-E3D9-8553-5A6E4883DFC8}.Release|Any CPU.ActiveCfg = Release|Any CPU
		{BE7CF104-D733-E3D9-8553-5A6E4883DFC8}.Release|Any CPU.Build.0 = Release|Any CPU
		{BFBF1699-E1FE-F8A7-9DE3-70A59DAC1763}.Debug|Any CPU.ActiveCfg = Debug|Any CPU
		{BFBF1699-E1FE-F8A7-9DE3-70A59DAC1763}.Debug|Any CPU.Build.0 = Debug|Any CPU
		{BFBF1699-E1FE-F8A7-9DE3-70A59DAC1763}.Release|Any CPU.ActiveCfg = Release|Any CPU
		{BFBF1699-E1FE-F8A7-9DE3-70A59DAC1763}.Release|Any CPU.Build.0 = Release|Any CPU
		{702DE2CE-4E90-4C0F-8508-0A3AF2AEC3A5}.Debug|Any CPU.ActiveCfg = Debug|Any CPU
		{702DE2CE-4E90-4C0F-8508-0A3AF2AEC3A5}.Debug|Any CPU.Build.0 = Debug|Any CPU
		{702DE2CE-4E90-4C0F-8508-0A3AF2AEC3A5}.Release|Any CPU.ActiveCfg = Release|Any CPU
		{702DE2CE-4E90-4C0F-8508-0A3AF2AEC3A5}.Release|Any CPU.Build.0 = Release|Any CPU
		{EC7AA821-22BB-066D-A69D-FBFC0837C0F0}.Debug|Any CPU.ActiveCfg = Debug|Any CPU
		{EC7AA821-22BB-066D-A69D-FBFC0837C0F0}.Debug|Any CPU.Build.0 = Debug|Any CPU
		{EC7AA821-22BB-066D-A69D-FBFC0837C0F0}.Release|Any CPU.ActiveCfg = Release|Any CPU
		{EC7AA821-22BB-066D-A69D-FBFC0837C0F0}.Release|Any CPU.Build.0 = Release|Any CPU
		{8B209F8D-9118-7F6F-8499-C50A965A90A0}.Debug|Any CPU.ActiveCfg = Debug|Any CPU
		{8B209F8D-9118-7F6F-8499-C50A965A90A0}.Debug|Any CPU.Build.0 = Debug|Any CPU
		{8B209F8D-9118-7F6F-8499-C50A965A90A0}.Release|Any CPU.ActiveCfg = Release|Any CPU
		{8B209F8D-9118-7F6F-8499-C50A965A90A0}.Release|Any CPU.Build.0 = Release|Any CPU
	EndGlobalSection
	GlobalSection(SolutionProperties) = preSolution
		HideSolutionNode = FALSE
	EndGlobalSection
	GlobalSection(NestedProjects) = preSolution
		{3FB8E9D7-739E-4495-907F-931E4935E1CA} = {02EA681E-C7D8-13C7-8484-4AC65E1B71E8}
		{9254D222-4136-43CA-8111-1C169908A789} = {02EA681E-C7D8-13C7-8484-4AC65E1B71E8}
		{8F566971-2433-40CE-BA8F-72C9DA25CF61} = {02EA681E-C7D8-13C7-8484-4AC65E1B71E8}
		{92DCB018-F75F-42EF-BD0C-8F91649D3A6D} = {98823A16-07C3-4045-B74E-4F1DBF6BDD80}
		{1F74EB18-D1AD-4A22-82EE-BCFD8F3488BD} = {92DCB018-F75F-42EF-BD0C-8F91649D3A6D}
		{CC87E343-495C-4603-99EF-038EDAB23C2E} = {92DCB018-F75F-42EF-BD0C-8F91649D3A6D}
		{4417AF1F-D7FF-6BED-D74D-99271A9793F8} = {1F74EB18-D1AD-4A22-82EE-BCFD8F3488BD}
		{F33F22F8-AE9C-84DE-CCCC-092D8734BBED} = {CC87E343-495C-4603-99EF-038EDAB23C2E}
		{7A4408C5-FD51-446D-8492-ED11592E2523} = {9254D222-4136-43CA-8111-1C169908A789}
		{E66CEDA9-C17F-47D5-88A3-08F6463D5DD7} = {9254D222-4136-43CA-8111-1C169908A789}
		{78992742-17A9-4EC5-918A-BB4B13DF97F7} = {9254D222-4136-43CA-8111-1C169908A789}
		{1666F8FB-1FC3-49CF-8711-A38643B75FEA} = {9254D222-4136-43CA-8111-1C169908A789}
		{2D85B045-6A17-16F1-DD27-DE7805A8D1C3} = {7A4408C5-FD51-446D-8492-ED11592E2523}
		{448DD46A-5FC6-955D-7ED7-11678FE4B0CC} = {E66CEDA9-C17F-47D5-88A3-08F6463D5DD7}
		{982A5B1F-BC73-D12E-3ED0-890FFC0C75D4} = {78992742-17A9-4EC5-918A-BB4B13DF97F7}
		{66046D56-CB31-FD50-4193-D9FF656C6E10} = {1666F8FB-1FC3-49CF-8711-A38643B75FEA}
		{6DEB9636-6CF1-4767-A7F0-4B1B93C5808D} = {8F566971-2433-40CE-BA8F-72C9DA25CF61}
		{BE7CF104-D733-E3D9-8553-5A6E4883DFC8} = {8F566971-2433-40CE-BA8F-72C9DA25CF61}
		{BFBF1699-E1FE-F8A7-9DE3-70A59DAC1763} = {8F566971-2433-40CE-BA8F-72C9DA25CF61}
		{702DE2CE-4E90-4C0F-8508-0A3AF2AEC3A5} = {8F566971-2433-40CE-BA8F-72C9DA25CF61}
		{EC7AA821-22BB-066D-A69D-FBFC0837C0F0} = {3FB8E9D7-739E-4495-907F-931E4935E1CA}
		{8B209F8D-9118-7F6F-8499-C50A965A90A0} = {8F566971-2433-40CE-BA8F-72C9DA25CF61}
	EndGlobalSection
	GlobalSection(ExtensibilityGlobals) = postSolution
		SolutionGuid = {2DCBE32C-75BF-49DB-8A1A-90C0003CA2AD}
	EndGlobalSection
EndGlobal
